// !$*UTF8*$!
{
	archiveVersion = 1;
	classes = {
	};
	objectVersion = 46;
	objects = {

/* Begin PBXBuildFile section */
		2F53C03B1713B62100311B20 /* UIKit.framework in Frameworks */ = {isa = PBXBuildFile; fileRef = 2F53C03A1713B62100311B20 /* UIKit.framework */; };
		2F53C03D1713B62100311B20 /* Foundation.framework in Frameworks */ = {isa = PBXBuildFile; fileRef = 2F53C03C1713B62100311B20 /* Foundation.framework */; };
		2F53C03F1713B62100311B20 /* CoreGraphics.framework in Frameworks */ = {isa = PBXBuildFile; fileRef = 2F53C03E1713B62100311B20 /* CoreGraphics.framework */; };
		2F53C0451713B62100311B20 /* InfoPlist.strings in Resources */ = {isa = PBXBuildFile; fileRef = 2F53C0431713B62100311B20 /* InfoPlist.strings */; };
		2F53C0471713B62100311B20 /* main.m in Sources */ = {isa = PBXBuildFile; fileRef = 2F53C0461713B62100311B20 /* main.m */; };
		2F53C04B1713B62100311B20 /* PKAppDelegate.m in Sources */ = {isa = PBXBuildFile; fileRef = 2F53C04A1713B62100311B20 /* PKAppDelegate.m */; };
		2F53C04D1713B62100311B20 /* Default.png in Resources */ = {isa = PBXBuildFile; fileRef = 2F53C04C1713B62100311B20 /* Default.png */; };
		2F53C04F1713B62100311B20 /* Default@2x.png in Resources */ = {isa = PBXBuildFile; fileRef = 2F53C04E1713B62100311B20 /* Default@2x.png */; };
		2F53C0511713B62100311B20 /* Default-568h@2x.png in Resources */ = {isa = PBXBuildFile; fileRef = 2F53C0501713B62100311B20 /* Default-568h@2x.png */; };
		2F53C0541713B62100311B20 /* PKViewController.m in Sources */ = {isa = PBXBuildFile; fileRef = 2F53C0531713B62100311B20 /* PKViewController.m */; };
		2F53C0571713B62100311B20 /* PKViewController.xib in Resources */ = {isa = PBXBuildFile; fileRef = 2F53C0551713B62100311B20 /* PKViewController.xib */; };
		2F53C0601713B78000311B20 /* PKVideoPlayerViewController.m in Sources */ = {isa = PBXBuildFile; fileRef = 2F53C05F1713B78000311B20 /* PKVideoPlayerViewController.m */; };
		2FA168E8171407DA00F2AF91 /* AVFoundation.framework in Frameworks */ = {isa = PBXBuildFile; fileRef = 2FA168E7171407DA00F2AF91 /* AVFoundation.framework */; };
		2FA168EA171407FE00F2AF91 /* MediaPlayer.framework in Frameworks */ = {isa = PBXBuildFile; fileRef = 2FA168E9171407FE00F2AF91 /* MediaPlayer.framework */; };
		2FA168EC1714081300F2AF91 /* CoreMedia.framework in Frameworks */ = {isa = PBXBuildFile; fileRef = 2FA168EB1714081300F2AF91 /* CoreMedia.framework */; };
		2FA168F017140DCE00F2AF91 /* PKVideoPlayerView.m in Sources */ = {isa = PBXBuildFile; fileRef = 2FA168EF17140DCE00F2AF91 /* PKVideoPlayerView.m */; };
		2FA168FF171425DD00F2AF91 /* UIColor+PKColor.m in Sources */ = {isa = PBXBuildFile; fileRef = 2FA168F4171425DD00F2AF91 /* UIColor+PKColor.m */; };
		2FA16900171425DD00F2AF91 /* UIFont+PKFont.m in Sources */ = {isa = PBXBuildFile; fileRef = 2FA168F6171425DD00F2AF91 /* UIFont+PKFont.m */; };
		2FA16901171425DD00F2AF91 /* UIImage+PKImage.m in Sources */ = {isa = PBXBuildFile; fileRef = 2FA168F8171425DD00F2AF91 /* UIImage+PKImage.m */; };
		2FA16902171425DD00F2AF91 /* PKResManager.m in Sources */ = {isa = PBXBuildFile; fileRef = 2FA168FA171425DD00F2AF91 /* PKResManager.m */; };
		2FA16903171425DD00F2AF91 /* style_light.bundle in Resources */ = {isa = PBXBuildFile; fileRef = 2FA168FC171425DD00F2AF91 /* style_light.bundle */; };
		2FA16904171425DD00F2AF91 /* style_night.bundle in Resources */ = {isa = PBXBuildFile; fileRef = 2FA168FD171425DD00F2AF91 /* style_night.bundle */; };
/* End PBXBuildFile section */

/* Begin PBXFileReference section */
		2F53C0371713B62100311B20 /* PKVideoPlayer.app */ = {isa = PBXFileReference; explicitFileType = wrapper.application; includeInIndex = 0; path = PKVideoPlayer.app; sourceTree = BUILT_PRODUCTS_DIR; };
		2F53C03A1713B62100311B20 /* UIKit.framework */ = {isa = PBXFileReference; lastKnownFileType = wrapper.framework; name = UIKit.framework; path = System/Library/Frameworks/UIKit.framework; sourceTree = SDKROOT; };
		2F53C03C1713B62100311B20 /* Foundation.framework */ = {isa = PBXFileReference; lastKnownFileType = wrapper.framework; name = Foundation.framework; path = System/Library/Frameworks/Foundation.framework; sourceTree = SDKROOT; };
		2F53C03E1713B62100311B20 /* CoreGraphics.framework */ = {isa = PBXFileReference; lastKnownFileType = wrapper.framework; name = CoreGraphics.framework; path = System/Library/Frameworks/CoreGraphics.framework; sourceTree = SDKROOT; };
		2F53C0421713B62100311B20 /* PKVideoPlayer-Info.plist */ = {isa = PBXFileReference; lastKnownFileType = text.plist.xml; path = "PKVideoPlayer-Info.plist"; sourceTree = "<group>"; };
		2F53C0441713B62100311B20 /* en */ = {isa = PBXFileReference; lastKnownFileType = text.plist.strings; name = en; path = en.lproj/InfoPlist.strings; sourceTree = "<group>"; };
		2F53C0461713B62100311B20 /* main.m */ = {isa = PBXFileReference; lastKnownFileType = sourcecode.c.objc; path = main.m; sourceTree = "<group>"; };
		2F53C0481713B62100311B20 /* PKVideoPlayer-Prefix.pch */ = {isa = PBXFileReference; lastKnownFileType = sourcecode.c.h; path = "PKVideoPlayer-Prefix.pch"; sourceTree = "<group>"; };
		2F53C0491713B62100311B20 /* PKAppDelegate.h */ = {isa = PBXFileReference; lastKnownFileType = sourcecode.c.h; path = PKAppDelegate.h; sourceTree = "<group>"; };
		2F53C04A1713B62100311B20 /* PKAppDelegate.m */ = {isa = PBXFileReference; lastKnownFileType = sourcecode.c.objc; path = PKAppDelegate.m; sourceTree = "<group>"; };
		2F53C04C1713B62100311B20 /* Default.png */ = {isa = PBXFileReference; lastKnownFileType = image.png; path = Default.png; sourceTree = "<group>"; };
		2F53C04E1713B62100311B20 /* Default@2x.png */ = {isa = PBXFileReference; lastKnownFileType = image.png; path = "Default@2x.png"; sourceTree = "<group>"; };
		2F53C0501713B62100311B20 /* Default-568h@2x.png */ = {isa = PBXFileReference; lastKnownFileType = image.png; path = "Default-568h@2x.png"; sourceTree = "<group>"; };
		2F53C0521713B62100311B20 /* PKViewController.h */ = {isa = PBXFileReference; lastKnownFileType = sourcecode.c.h; path = PKViewController.h; sourceTree = "<group>"; };
		2F53C0531713B62100311B20 /* PKViewController.m */ = {isa = PBXFileReference; lastKnownFileType = sourcecode.c.objc; path = PKViewController.m; sourceTree = "<group>"; };
		2F53C0561713B62100311B20 /* en */ = {isa = PBXFileReference; lastKnownFileType = file.xib; name = en; path = en.lproj/PKViewController.xib; sourceTree = "<group>"; };
		2F53C05E1713B78000311B20 /* PKVideoPlayerViewController.h */ = {isa = PBXFileReference; fileEncoding = 4; lastKnownFileType = sourcecode.c.h; path = PKVideoPlayerViewController.h; sourceTree = "<group>"; };
		2F53C05F1713B78000311B20 /* PKVideoPlayerViewController.m */ = {isa = PBXFileReference; fileEncoding = 4; lastKnownFileType = sourcecode.c.objc; path = PKVideoPlayerViewController.m; sourceTree = "<group>"; };
		2FA168E7171407DA00F2AF91 /* AVFoundation.framework */ = {isa = PBXFileReference; lastKnownFileType = wrapper.framework; name = AVFoundation.framework; path = System/Library/Frameworks/AVFoundation.framework; sourceTree = SDKROOT; };
		2FA168E9171407FE00F2AF91 /* MediaPlayer.framework */ = {isa = PBXFileReference; lastKnownFileType = wrapper.framework; name = MediaPlayer.framework; path = System/Library/Frameworks/MediaPlayer.framework; sourceTree = SDKROOT; };
		2FA168EB1714081300F2AF91 /* CoreMedia.framework */ = {isa = PBXFileReference; lastKnownFileType = wrapper.framework; name = CoreMedia.framework; path = System/Library/Frameworks/CoreMedia.framework; sourceTree = SDKROOT; };
		2FA168ED171408BC00F2AF91 /* PKVideoPlayerKit.h */ = {isa = PBXFileReference; lastKnownFileType = sourcecode.c.h; path = PKVideoPlayerKit.h; sourceTree = "<group>"; };
		2FA168EE17140DCE00F2AF91 /* PKVideoPlayerView.h */ = {isa = PBXFileReference; fileEncoding = 4; lastKnownFileType = sourcecode.c.h; path = PKVideoPlayerView.h; sourceTree = "<group>"; };
		2FA168EF17140DCE00F2AF91 /* PKVideoPlayerView.m */ = {isa = PBXFileReference; fileEncoding = 4; lastKnownFileType = sourcecode.c.objc; path = PKVideoPlayerView.m; sourceTree = "<group>"; };
		2FA168F3171425DD00F2AF91 /* UIColor+PKColor.h */ = {isa = PBXFileReference; fileEncoding = 4; lastKnownFileType = sourcecode.c.h; path = "UIColor+PKColor.h"; sourceTree = "<group>"; };
		2FA168F4171425DD00F2AF91 /* UIColor+PKColor.m */ = {isa = PBXFileReference; fileEncoding = 4; lastKnownFileType = sourcecode.c.objc; path = "UIColor+PKColor.m"; sourceTree = "<group>"; };
		2FA168F5171425DD00F2AF91 /* UIFont+PKFont.h */ = {isa = PBXFileReference; fileEncoding = 4; lastKnownFileType = sourcecode.c.h; path = "UIFont+PKFont.h"; sourceTree = "<group>"; };
		2FA168F6171425DD00F2AF91 /* UIFont+PKFont.m */ = {isa = PBXFileReference; fileEncoding = 4; lastKnownFileType = sourcecode.c.objc; path = "UIFont+PKFont.m"; sourceTree = "<group>"; };
		2FA168F7171425DD00F2AF91 /* UIImage+PKImage.h */ = {isa = PBXFileReference; fileEncoding = 4; lastKnownFileType = sourcecode.c.h; path = "UIImage+PKImage.h"; sourceTree = "<group>"; };
		2FA168F8171425DD00F2AF91 /* UIImage+PKImage.m */ = {isa = PBXFileReference; fileEncoding = 4; lastKnownFileType = sourcecode.c.objc; path = "UIImage+PKImage.m"; sourceTree = "<group>"; };
		2FA168F9171425DD00F2AF91 /* PKResManager.h */ = {isa = PBXFileReference; fileEncoding = 4; lastKnownFileType = sourcecode.c.h; path = PKResManager.h; sourceTree = "<group>"; };
		2FA168FA171425DD00F2AF91 /* PKResManager.m */ = {isa = PBXFileReference; fileEncoding = 4; lastKnownFileType = sourcecode.c.objc; path = PKResManager.m; sourceTree = "<group>"; };
		2FA168FB171425DD00F2AF91 /* PKResManagerKit.h */ = {isa = PBXFileReference; fileEncoding = 4; lastKnownFileType = sourcecode.c.h; path = PKResManagerKit.h; sourceTree = "<group>"; };
		2FA168FC171425DD00F2AF91 /* style_light.bundle */ = {isa = PBXFileReference; lastKnownFileType = "wrapper.plug-in"; path = style_light.bundle; sourceTree = "<group>"; };
		2FA168FD171425DD00F2AF91 /* style_night.bundle */ = {isa = PBXFileReference; lastKnownFileType = "wrapper.plug-in"; path = style_night.bundle; sourceTree = "<group>"; };
/* End PBXFileReference section */

/* Begin PBXFrameworksBuildPhase section */
		2F53C0341713B62100311B20 /* Frameworks */ = {
			isa = PBXFrameworksBuildPhase;
			buildActionMask = 2147483647;
			files = (
				2FA168EC1714081300F2AF91 /* CoreMedia.framework in Frameworks */,
				2FA168EA171407FE00F2AF91 /* MediaPlayer.framework in Frameworks */,
				2FA168E8171407DA00F2AF91 /* AVFoundation.framework in Frameworks */,
				2F53C03B1713B62100311B20 /* UIKit.framework in Frameworks */,
				2F53C03D1713B62100311B20 /* Foundation.framework in Frameworks */,
				2F53C03F1713B62100311B20 /* CoreGraphics.framework in Frameworks */,
			);
			runOnlyForDeploymentPostprocessing = 0;
		};
/* End PBXFrameworksBuildPhase section */

/* Begin PBXGroup section */
		2F53C02E1713B62100311B20 = {
			isa = PBXGroup;
			children = (
				2FA168EB1714081300F2AF91 /* CoreMedia.framework */,
				2FA168E9171407FE00F2AF91 /* MediaPlayer.framework */,
				2FA168E7171407DA00F2AF91 /* AVFoundation.framework */,
				2F53C0401713B62100311B20 /* PKVideoPlayer */,
				2F53C0391713B62100311B20 /* Frameworks */,
				2F53C0381713B62100311B20 /* Products */,
			);
			sourceTree = "<group>";
		};
		2F53C0381713B62100311B20 /* Products */ = {
			isa = PBXGroup;
			children = (
				2F53C0371713B62100311B20 /* PKVideoPlayer.app */,
			);
			name = Products;
			sourceTree = "<group>";
		};
		2F53C0391713B62100311B20 /* Frameworks */ = {
			isa = PBXGroup;
			children = (
				2F53C03A1713B62100311B20 /* UIKit.framework */,
				2F53C03C1713B62100311B20 /* Foundation.framework */,
				2F53C03E1713B62100311B20 /* CoreGraphics.framework */,
			);
			name = Frameworks;
			sourceTree = "<group>";
		};
		2F53C0401713B62100311B20 /* PKVideoPlayer */ = {
			isa = PBXGroup;
			children = (
				2FA168F1171425DD00F2AF91 /* PKResManager */,
				2F53C05D1713B6B700311B20 /* VideoPlayer */,
				2F53C0491713B62100311B20 /* PKAppDelegate.h */,
				2F53C04A1713B62100311B20 /* PKAppDelegate.m */,
				2F53C0521713B62100311B20 /* PKViewController.h */,
				2F53C0531713B62100311B20 /* PKViewController.m */,
				2F53C0551713B62100311B20 /* PKViewController.xib */,
				2F53C0411713B62100311B20 /* Supporting Files */,
			);
			path = PKVideoPlayer;
			sourceTree = "<group>";
		};
		2F53C0411713B62100311B20 /* Supporting Files */ = {
			isa = PBXGroup;
			children = (
				2F53C0421713B62100311B20 /* PKVideoPlayer-Info.plist */,
				2F53C0431713B62100311B20 /* InfoPlist.strings */,
				2F53C0461713B62100311B20 /* main.m */,
				2F53C0481713B62100311B20 /* PKVideoPlayer-Prefix.pch */,
				2F53C04C1713B62100311B20 /* Default.png */,
				2F53C04E1713B62100311B20 /* Default@2x.png */,
				2F53C0501713B62100311B20 /* Default-568h@2x.png */,
			);
			name = "Supporting Files";
			sourceTree = "<group>";
		};
		2F53C05D1713B6B700311B20 /* VideoPlayer */ = {
			isa = PBXGroup;
			children = (
				2FA168ED171408BC00F2AF91 /* PKVideoPlayerKit.h */,
				2FA168EE17140DCE00F2AF91 /* PKVideoPlayerView.h */,
				2FA168EF17140DCE00F2AF91 /* PKVideoPlayerView.m */,
				2F53C05E1713B78000311B20 /* PKVideoPlayerViewController.h */,
				2F53C05F1713B78000311B20 /* PKVideoPlayerViewController.m */,
			);
			path = VideoPlayer;
			sourceTree = "<group>";
		};
		2FA168F1171425DD00F2AF91 /* PKResManager */ = {
			isa = PBXGroup;
			children = (
				2FA168F2171425DD00F2AF91 /* Additions */,
				2FA168F9171425DD00F2AF91 /* PKResManager.h */,
				2FA168FA171425DD00F2AF91 /* PKResManager.m */,
				2FA168FB171425DD00F2AF91 /* PKResManagerKit.h */,
				2FA168FC171425DD00F2AF91 /* style_light.bundle */,
				2FA168FD171425DD00F2AF91 /* style_night.bundle */,
			);
			path = PKResManager;
			sourceTree = "<group>";
		};
		2FA168F2171425DD00F2AF91 /* Additions */ = {
			isa = PBXGroup;
			children = (
				2FA168F3171425DD00F2AF91 /* UIColor+PKColor.h */,
				2FA168F4171425DD00F2AF91 /* UIColor+PKColor.m */,
				2FA168F5171425DD00F2AF91 /* UIFont+PKFont.h */,
				2FA168F6171425DD00F2AF91 /* UIFont+PKFont.m */,
				2FA168F7171425DD00F2AF91 /* UIImage+PKImage.h */,
				2FA168F8171425DD00F2AF91 /* UIImage+PKImage.m */,
			);
			path = Additions;
			sourceTree = "<group>";
		};
/* End PBXGroup section */

/* Begin PBXNativeTarget section */
		2F53C0361713B62100311B20 /* PKVideoPlayer */ = {
			isa = PBXNativeTarget;
			buildConfigurationList = 2F53C05A1713B62100311B20 /* Build configuration list for PBXNativeTarget "PKVideoPlayer" */;
			buildPhases = (
				2F53C0331713B62100311B20 /* Sources */,
				2F53C0341713B62100311B20 /* Frameworks */,
				2F53C0351713B62100311B20 /* Resources */,
			);
			buildRules = (
			);
			dependencies = (
			);
			name = PKVideoPlayer;
			productName = PKVideoPlayer;
			productReference = 2F53C0371713B62100311B20 /* PKVideoPlayer.app */;
			productType = "com.apple.product-type.application";
		};
/* End PBXNativeTarget section */

/* Begin PBXProject section */
		2F53C02F1713B62100311B20 /* Project object */ = {
			isa = PBXProject;
			attributes = {
				CLASSPREFIX = PK;
				LastUpgradeCheck = 0460;
				ORGANIZATIONNAME = icePhone;
			};
			buildConfigurationList = 2F53C0321713B62100311B20 /* Build configuration list for PBXProject "PKVideoPlayer" */;
			compatibilityVersion = "Xcode 3.2";
			developmentRegion = English;
			hasScannedForEncodings = 0;
			knownRegions = (
				en,
			);
			mainGroup = 2F53C02E1713B62100311B20;
			productRefGroup = 2F53C0381713B62100311B20 /* Products */;
			projectDirPath = "";
			projectRoot = "";
			targets = (
				2F53C0361713B62100311B20 /* PKVideoPlayer */,
			);
		};
/* End PBXProject section */

/* Begin PBXResourcesBuildPhase section */
		2F53C0351713B62100311B20 /* Resources */ = {
			isa = PBXResourcesBuildPhase;
			buildActionMask = 2147483647;
			files = (
				2F53C0451713B62100311B20 /* InfoPlist.strings in Resources */,
				2F53C04D1713B62100311B20 /* Default.png in Resources */,
				2F53C04F1713B62100311B20 /* Default@2x.png in Resources */,
				2F53C0511713B62100311B20 /* Default-568h@2x.png in Resources */,
				2F53C0571713B62100311B20 /* PKViewController.xib in Resources */,
				2FA16903171425DD00F2AF91 /* style_light.bundle in Resources */,
				2FA16904171425DD00F2AF91 /* style_night.bundle in Resources */,
			);
			runOnlyForDeploymentPostprocessing = 0;
		};
/* End PBXResourcesBuildPhase section */

/* Begin PBXSourcesBuildPhase section */
		2F53C0331713B62100311B20 /* Sources */ = {
			isa = PBXSourcesBuildPhase;
			buildActionMask = 2147483647;
			files = (
				2F53C0471713B62100311B20 /* main.m in Sources */,
				2F53C04B1713B62100311B20 /* PKAppDelegate.m in Sources */,
				2F53C0541713B62100311B20 /* PKViewController.m in Sources */,
				2F53C0601713B78000311B20 /* PKVideoPlayerViewController.m in Sources */,
				2FA168F017140DCE00F2AF91 /* PKVideoPlayerView.m in Sources */,
				2FA168FF171425DD00F2AF91 /* UIColor+PKColor.m in Sources */,
				2FA16900171425DD00F2AF91 /* UIFont+PKFont.m in Sources */,
				2FA16901171425DD00F2AF91 /* UIImage+PKImage.m in Sources */,
				2FA16902171425DD00F2AF91 /* PKResManager.m in Sources */,
			);
			runOnlyForDeploymentPostprocessing = 0;
		};
/* End PBXSourcesBuildPhase section */

/* Begin PBXVariantGroup section */
		2F53C0431713B62100311B20 /* InfoPlist.strings */ = {
			isa = PBXVariantGroup;
			children = (
				2F53C0441713B62100311B20 /* en */,
			);
			name = InfoPlist.strings;
			sourceTree = "<group>";
		};
		2F53C0551713B62100311B20 /* PKViewController.xib */ = {
			isa = PBXVariantGroup;
			children = (
				2F53C0561713B62100311B20 /* en */,
			);
			name = PKViewController.xib;
			sourceTree = "<group>";
		};
/* End PBXVariantGroup section */

/* Begin XCBuildConfiguration section */
		2F53C0581713B62100311B20 /* Debug */ = {
			isa = XCBuildConfiguration;
			buildSettings = {
				ALWAYS_SEARCH_USER_PATHS = NO;
				CLANG_CXX_LANGUAGE_STANDARD = "gnu++0x";
				CLANG_CXX_LIBRARY = "libc++";
				CLANG_ENABLE_OBJC_ARC = YES;
				CLANG_WARN_CONSTANT_CONVERSION = YES;
				CLANG_WARN_EMPTY_BODY = YES;
				CLANG_WARN_ENUM_CONVERSION = YES;
				CLANG_WARN_INT_CONVERSION = YES;
				CLANG_WARN__DUPLICATE_METHOD_MATCH = YES;
				"CODE_SIGN_IDENTITY[sdk=iphoneos*]" = "iPhone Developer";
				COPY_PHASE_STRIP = NO;
				GCC_C_LANGUAGE_STANDARD = gnu99;
				GCC_DYNAMIC_NO_PIC = NO;
				GCC_OPTIMIZATION_LEVEL = 0;
				GCC_PREPROCESSOR_DEFINITIONS = (
					"DEBUG=1",
					"$(inherited)",
				);
				GCC_SYMBOLS_PRIVATE_EXTERN = NO;
				GCC_WARN_ABOUT_RETURN_TYPE = YES;
				GCC_WARN_UNINITIALIZED_AUTOS = YES;
				GCC_WARN_UNUSED_VARIABLE = YES;
				IPHONEOS_DEPLOYMENT_TARGET = 6.1;
				ONLY_ACTIVE_ARCH = YES;
				SDKROOT = iphoneos;
			};
			name = Debug;
		};
		2F53C0591713B62100311B20 /* Release */ = {
			isa = XCBuildConfiguration;
			buildSettings = {
				ALWAYS_SEARCH_USER_PATHS = NO;
				CLANG_CXX_LANGUAGE_STANDARD = "gnu++0x";
				CLANG_CXX_LIBRARY = "libc++";
				CLANG_ENABLE_OBJC_ARC = YES;
				CLANG_WARN_CONSTANT_CONVERSION = YES;
				CLANG_WARN_EMPTY_BODY = YES;
				CLANG_WARN_ENUM_CONVERSION = YES;
				CLANG_WARN_INT_CONVERSION = YES;
				CLANG_WARN__DUPLICATE_METHOD_MATCH = YES;
				"CODE_SIGN_IDENTITY[sdk=iphoneos*]" = "iPhone Developer";
				COPY_PHASE_STRIP = YES;
				GCC_C_LANGUAGE_STANDARD = gnu99;
				GCC_WARN_ABOUT_RETURN_TYPE = YES;
				GCC_WARN_UNINITIALIZED_AUTOS = YES;
				GCC_WARN_UNUSED_VARIABLE = YES;
				IPHONEOS_DEPLOYMENT_TARGET = 6.1;
				OTHER_CFLAGS = "-DNS_BLOCK_ASSERTIONS=1";
				SDKROOT = iphoneos;
				VALIDATE_PRODUCT = YES;
			};
			name = Release;
		};
		2F53C05B1713B62100311B20 /* Debug */ = {
			isa = XCBuildConfiguration;
			buildSettings = {
				GCC_PRECOMPILE_PREFIX_HEADER = YES;
				GCC_PREFIX_HEADER = "PKVideoPlayer/PKVideoPlayer-Prefix.pch";
				INFOPLIST_FILE = "PKVideoPlayer/PKVideoPlayer-Info.plist";
				IPHONEOS_DEPLOYMENT_TARGET = 5.0;
				PRODUCT_NAME = "$(TARGET_NAME)";
				WRAPPER_EXTENSION = app;
			};
			name = Debug;
		};
		2F53C05C1713B62100311B20 /* Release */ = {
			isa = XCBuildConfiguration;
			buildSettings = {
				GCC_PRECOMPILE_PREFIX_HEADER = YES;
				GCC_PREFIX_HEADER = "PKVideoPlayer/PKVideoPlayer-Prefix.pch";
				INFOPLIST_FILE = "PKVideoPlayer/PKVideoPlayer-Info.plist";
				IPHONEOS_DEPLOYMENT_TARGET = 5.0;
				PRODUCT_NAME = "$(TARGET_NAME)";
				WRAPPER_EXTENSION = app;
			};
			name = Release;
		};
/* End XCBuildConfiguration section */

/* Begin XCConfigurationList section */
		2F53C0321713B62100311B20 /* Build configuration list for PBXProject "PKVideoPlayer" */ = {
			isa = XCConfigurationList;
			buildConfigurations = (
				2F53C0581713B62100311B20 /* Debug */,
				2F53C0591713B62100311B20 /* Release */,
			);
			defaultConfigurationIsVisible = 0;
			defaultConfigurationName = Release;
		};
		2F53C05A1713B62100311B20 /* Build configuration list for PBXNativeTarget "PKVideoPlayer" */ = {
			isa = XCConfigurationList;
			buildConfigurations = (
				2F53C05B1713B62100311B20 /* Debug */,
				2F53C05C1713B62100311B20 /* Release */,
			);
			defaultConfigurationIsVisible = 0;
			defaultConfigurationName = Release;
		};
/* End XCConfigurationList section */
	};
	rootObject = 2F53C02F1713B62100311B20 /* Project object */;
}
